// !$*UTF8*$!
{
	archiveVersion = 1;
	classes = {
	};
	objectVersion = 54;
	objects = {

/* Begin PBXBuildFile section */
		13B07FBC1A68108700A75B9A /* AppDelegate.mm in Sources */ = {isa = PBXBuildFile; fileRef = 13B07FB01A68108700A75B9A /* AppDelegate.mm */; };
		13B07FBF1A68108700A75B9A /* Images.xcassets in Resources */ = {isa = PBXBuildFile; fileRef = 13B07FB51A68108700A75B9A /* Images.xcassets */; };
		13B07FC11A68108700A75B9A /* main.m in Sources */ = {isa = PBXBuildFile; fileRef = 13B07FB71A68108700A75B9A /* main.m */; };
		2F5ABFEF2E8FF33200EAE2BD /* GoogleMaps.xcframework in Frameworks */ = {isa = PBXBuildFile; fileRef = 2F5ABFEE2E8FF33200EAE2BD /* GoogleMaps.xcframework */; };
		2F5ABFF12E8FF33200EAE2BD /* GoogleMapsBase.xcframework in Frameworks */ = {isa = PBXBuildFile; fileRef = 2F5ABFF02E8FF33200EAE2BD /* GoogleMapsBase.xcframework */; };
		2F5ABFF32E8FF33200EAE2BD /* GoogleMapsCore.xcframework in Frameworks */ = {isa = PBXBuildFile; fileRef = 2F5ABFF22E8FF33200EAE2BD /* GoogleMapsCore.xcframework */; };
		2F5ABFF52E8FF33200EAE2BD /* GoogleMapsUtils.framework in Frameworks */ = {isa = PBXBuildFile; fileRef = 2F5ABFF42E8FF33200EAE2BD /* GoogleMapsUtils.framework */; };
		2F5AC02F2E8FF42100EAE2BD /* RCTConvert+GMSMapViewType.m in Sources */ = {isa = PBXBuildFile; fileRef = 2F5AC02D2E8FF42100EAE2BD /* RCTConvert+GMSMapViewType.m */; };
		2F5AC0302E8FF42100EAE2BD /* AIRGoogleMapOverlayManager.m in Sources */ = {isa = PBXBuildFile; fileRef = 2F5AC01B2E8FF42100EAE2BD /* AIRGoogleMapOverlayManager.m */; };
		2F5AC0312E8FF42100EAE2BD /* AIRGoogleMapPolygonManager.m in Sources */ = {isa = PBXBuildFile; fileRef = 2F5AC01F2E8FF42100EAE2BD /* AIRGoogleMapPolygonManager.m */; };
		2F5AC0322E8FF42100EAE2BD /* AIRGoogleMapCircle.m in Sources */ = {isa = PBXBuildFile; fileRef = 2F5AC00B2E8FF42100EAE2BD /* AIRGoogleMapCircle.m */; };
		2F5AC0332E8FF42100EAE2BD /* AIRGoogleMapWMSTile.m in Sources */ = {isa = PBXBuildFile; fileRef = 2F5AC0292E8FF42100EAE2BD /* AIRGoogleMapWMSTile.m */; };
		2F5AC0342E8FF42100EAE2BD /* AIRGoogleMapMarker.m in Sources */ = {isa = PBXBuildFile; fileRef = 2F5AC0152E8FF42100EAE2BD /* AIRGoogleMapMarker.m */; };
		2F5AC0352E8FF42100EAE2BD /* AIRGoogleMapHeatmap.m in Sources */ = {isa = PBXBuildFile; fileRef = 2F5AC00F2E8FF42100EAE2BD /* AIRGoogleMapHeatmap.m */; };
		2F5AC0362E8FF42100EAE2BD /* AIRGoogleMapManager.m in Sources */ = {isa = PBXBuildFile; fileRef = 2F5AC0132E8FF42100EAE2BD /* AIRGoogleMapManager.m */; };
		2F5AC0372E8FF42100EAE2BD /* AIRGoogleMapOverlay.m in Sources */ = {isa = PBXBuildFile; fileRef = 2F5AC0192E8FF42100EAE2BD /* AIRGoogleMapOverlay.m */; };
		2F5AC0382E8FF42100EAE2BD /* AIRGoogleMapPolygon.m in Sources */ = {isa = PBXBuildFile; fileRef = 2F5AC01D2E8FF42100EAE2BD /* AIRGoogleMapPolygon.m */; };
		2F5AC0392E8FF42100EAE2BD /* AIRGoogleMapURLTileManager.m in Sources */ = {isa = PBXBuildFile; fileRef = 2F5AC0272E8FF42100EAE2BD /* AIRGoogleMapURLTileManager.m */; };
		2F5AC03A2E8FF42100EAE2BD /* AIRGoogleMapUrlTile.m in Sources */ = {isa = PBXBuildFile; fileRef = 2F5AC0252E8FF42100EAE2BD /* AIRGoogleMapUrlTile.m */; };
		2F5AC03B2E8FF42100EAE2BD /* AIRGoogleMapCalloutSubview.m in Sources */ = {isa = PBXBuildFile; fileRef = 2F5AC0072E8FF42100EAE2BD /* AIRGoogleMapCalloutSubview.m */; };
		2F5AC03C2E8FF42100EAE2BD /* AIRGoogleMapCalloutSubviewManager.m in Sources */ = {isa = PBXBuildFile; fileRef = 2F5AC0092E8FF42100EAE2BD /* AIRGoogleMapCalloutSubviewManager.m */; };
		2F5AC03D2E8FF42100EAE2BD /* AIRGoogleMapMarkerManager.m in Sources */ = {isa = PBXBuildFile; fileRef = 2F5AC0172E8FF42100EAE2BD /* AIRGoogleMapMarkerManager.m */; };
		2F5AC03E2E8FF42100EAE2BD /* AIRGoogleMapCircleManager.m in Sources */ = {isa = PBXBuildFile; fileRef = 2F5AC00D2E8FF42100EAE2BD /* AIRGoogleMapCircleManager.m */; };
		2F5AC03F2E8FF42100EAE2BD /* AIRGoogleMapWMSTileManager.m in Sources */ = {isa = PBXBuildFile; fileRef = 2F5AC02B2E8FF42100EAE2BD /* AIRGoogleMapWMSTileManager.m */; };
		2F5AC0402E8FF42100EAE2BD /* AIRGMSMarker.m in Sources */ = {isa = PBXBuildFile; fileRef = 2F5ABFFB2E8FF42100EAE2BD /* AIRGMSMarker.m */; };
		2F5AC0412E8FF42100EAE2BD /* AIRGoogleMapPolylineManager.m in Sources */ = {isa = PBXBuildFile; fileRef = 2F5AC0232E8FF42100EAE2BD /* AIRGoogleMapPolylineManager.m */; };
		2F5AC0422E8FF42100EAE2BD /* AIRGoogleMap.m in Sources */ = {isa = PBXBuildFile; fileRef = 2F5AC0012E8FF42100EAE2BD /* AIRGoogleMap.m */; };
		2F5AC0432E8FF42100EAE2BD /* AIRGoogleMapCalloutManager.m in Sources */ = {isa = PBXBuildFile; fileRef = 2F5AC0052E8FF42100EAE2BD /* AIRGoogleMapCalloutManager.m */; };
		2F5AC0442E8FF42100EAE2BD /* AIRGoogleMapHeatmapManager.m in Sources */ = {isa = PBXBuildFile; fileRef = 2F5AC0112E8FF42100EAE2BD /* AIRGoogleMapHeatmapManager.m */; };
		2F5AC0452E8FF42100EAE2BD /* AIRGMSPolygon.m in Sources */ = {isa = PBXBuildFile; fileRef = 2F5ABFFD2E8FF42100EAE2BD /* AIRGMSPolygon.m */; };
		2F5AC0462E8FF42100EAE2BD /* AIRGMSPolyline.m in Sources */ = {isa = PBXBuildFile; fileRef = 2F5ABFFF2E8FF42100EAE2BD /* AIRGMSPolyline.m */; };
		2F5AC0472E8FF42100EAE2BD /* AIRGoogleMapCallout.m in Sources */ = {isa = PBXBuildFile; fileRef = 2F5AC0032E8FF42100EAE2BD /* AIRGoogleMapCallout.m */; };
		2F5AC0482E8FF42100EAE2BD /* AIRGoogleMapPolyline.m in Sources */ = {isa = PBXBuildFile; fileRef = 2F5AC0212E8FF42100EAE2BD /* AIRGoogleMapPolyline.m */; };
		2F5AC0492E8FF42100EAE2BD /* AIRDummyView.m in Sources */ = {isa = PBXBuildFile; fileRef = 2F5ABFF92E8FF42100EAE2BD /* AIRDummyView.m */; };
		2F5AC04A2E8FF42100EAE2BD /* GoogleMapsPrivacy.bundle in Resources */ = {isa = PBXBuildFile; fileRef = 2F5ABFF62E8FF42100EAE2BD /* GoogleMapsPrivacy.bundle */; };
		3E461D99554A48A4959DE609 /* SplashScreen.storyboard in Resources */ = {isa = PBXBuildFile; fileRef = AA286B85B6C04FC6940260E9 /* SplashScreen.storyboard */; };
		795535666CABEAC9846E5613 /* PrivacyInfo.xcprivacy in Resources */ = {isa = PBXBuildFile; fileRef = BA0B022FAFD7E2CAFBD23300 /* PrivacyInfo.xcprivacy */; };
		B18059E884C0ABDD17F3DC3D /* ExpoModulesProvider.swift in Sources */ = {isa = PBXBuildFile; fileRef = FAC715A2D49A985799AEE119 /* ExpoModulesProvider.swift */; };
		B9B0A27F90A445869F81683A /* noop-file.swift in Sources */ = {isa = PBXBuildFile; fileRef = 04FC5CD591D74464899E6AC3 /* noop-file.swift */; };
		BB2F792D24A3F905000567C9 /* Expo.plist in Resources */ = {isa = PBXBuildFile; fileRef = BB2F792C24A3F905000567C9 /* Expo.plist */; };
		CF4F939C7CF0086EB466DF57 /* Pods_frontend.framework in Frameworks */ = {isa = PBXBuildFile; fileRef = 9497F9E8387046EEEFB3808B /* Pods_frontend.framework */; };
/* End PBXBuildFile section */

/* Begin PBXFileReference section */
		04FC5CD591D74464899E6AC3 /* noop-file.swift */ = {isa = PBXFileReference; explicitFileType = undefined; fileEncoding = 4; includeInIndex = 0; lastKnownFileType = sourcecode.swift; name = "noop-file.swift"; path = "frontend/noop-file.swift"; sourceTree = "<group>"; };
		0B40C80248253FC1AA0FBCA3 /* Pods-frontend.release.xcconfig */ = {isa = PBXFileReference; includeInIndex = 1; lastKnownFileType = text.xcconfig; name = "Pods-frontend.release.xcconfig"; path = "Target Support Files/Pods-frontend/Pods-frontend.release.xcconfig"; sourceTree = "<group>"; };
		13B07F961A680F5B00A75B9A /* frontend.app */ = {isa = PBXFileReference; explicitFileType = wrapper.application; includeInIndex = 0; path = frontend.app; sourceTree = BUILT_PRODUCTS_DIR; };
		13B07FAF1A68108700A75B9A /* AppDelegate.h */ = {isa = PBXFileReference; fileEncoding = 4; lastKnownFileType = sourcecode.c.h; name = AppDelegate.h; path = frontend/AppDelegate.h; sourceTree = "<group>"; };
		13B07FB01A68108700A75B9A /* AppDelegate.mm */ = {isa = PBXFileReference; fileEncoding = 4; lastKnownFileType = sourcecode.cpp.objcpp; name = AppDelegate.mm; path = frontend/AppDelegate.mm; sourceTree = "<group>"; };
		13B07FB51A68108700A75B9A /* Images.xcassets */ = {isa = PBXFileReference; lastKnownFileType = folder.assetcatalog; name = Images.xcassets; path = frontend/Images.xcassets; sourceTree = "<group>"; };
		13B07FB61A68108700A75B9A /* Info.plist */ = {isa = PBXFileReference; fileEncoding = 4; lastKnownFileType = text.plist.xml; name = Info.plist; path = frontend/Info.plist; sourceTree = "<group>"; };
		13B07FB71A68108700A75B9A /* main.m */ = {isa = PBXFileReference; fileEncoding = 4; lastKnownFileType = sourcecode.c.objc; name = main.m; path = frontend/main.m; sourceTree = "<group>"; };
		2F5ABFEE2E8FF33200EAE2BD /* GoogleMaps.xcframework */ = {isa = PBXFileReference; lastKnownFileType = wrapper.xcframework; name = GoogleMaps.xcframework; path = Pods/GoogleMaps/Maps/Frameworks/GoogleMaps.xcframework; sourceTree = "<group>"; };
		2F5ABFF02E8FF33200EAE2BD /* GoogleMapsBase.xcframework */ = {isa = PBXFileReference; lastKnownFileType = wrapper.xcframework; name = GoogleMapsBase.xcframework; path = Pods/GoogleMaps/Base/Frameworks/GoogleMapsBase.xcframework; sourceTree = "<group>"; };
		2F5ABFF22E8FF33200EAE2BD /* GoogleMapsCore.xcframework */ = {isa = PBXFileReference; lastKnownFileType = wrapper.xcframework; name = GoogleMapsCore.xcframework; path = Pods/GoogleMaps/Maps/Frameworks/GoogleMapsCore.xcframework; sourceTree = "<group>"; };
		2F5ABFF42E8FF33200EAE2BD /* GoogleMapsUtils.framework */ = {isa = PBXFileReference; explicitFileType = wrapper.framework; path = GoogleMapsUtils.framework; sourceTree = BUILT_PRODUCTS_DIR; };
		2F5ABFF62E8FF42100EAE2BD /* GoogleMapsPrivacy.bundle */ = {isa = PBXFileReference; lastKnownFileType = "wrapper.plug-in"; path = GoogleMapsPrivacy.bundle; sourceTree = "<group>"; };
		2F5ABFF82E8FF42100EAE2BD /* AIRDummyView.h */ = {isa = PBXFileReference; lastKnownFileType = sourcecode.c.h; path = AIRDummyView.h; sourceTree = "<group>"; };
		2F5ABFF92E8FF42100EAE2BD /* AIRDummyView.m */ = {isa = PBXFileReference; lastKnownFileType = sourcecode.c.objc; path = AIRDummyView.m; sourceTree = "<group>"; };
		2F5ABFFA2E8FF42100EAE2BD /* AIRGMSMarker.h */ = {isa = PBXFileReference; lastKnownFileType = sourcecode.c.h; path = AIRGMSMarker.h; sourceTree = "<group>"; };
		2F5ABFFB2E8FF42100EAE2BD /* AIRGMSMarker.m */ = {isa = PBXFileReference; lastKnownFileType = sourcecode.c.objc; path = AIRGMSMarker.m; sourceTree = "<group>"; };
		2F5ABFFC2E8FF42100EAE2BD /* AIRGMSPolygon.h */ = {isa = PBXFileReference; lastKnownFileType = sourcecode.c.h; path = AIRGMSPolygon.h; sourceTree = "<group>"; };
		2F5ABFFD2E8FF42100EAE2BD /* AIRGMSPolygon.m */ = {isa = PBXFileReference; lastKnownFileType = sourcecode.c.objc; path = AIRGMSPolygon.m; sourceTree = "<group>"; };
		2F5ABFFE2E8FF42100EAE2BD /* AIRGMSPolyline.h */ = {isa = PBXFileReference; lastKnownFileType = sourcecode.c.h; path = AIRGMSPolyline.h; sourceTree = "<group>"; };
		2F5ABFFF2E8FF42100EAE2BD /* AIRGMSPolyline.m */ = {isa = PBXFileReference; lastKnownFileType = sourcecode.c.objc; path = AIRGMSPolyline.m; sourceTree = "<group>"; };
		2F5AC0002E8FF42100EAE2BD /* AIRGoogleMap.h */ = {isa = PBXFileReference; lastKnownFileType = sourcecode.c.h; path = AIRGoogleMap.h; sourceTree = "<group>"; };
		2F5AC0012E8FF42100EAE2BD /* AIRGoogleMap.m */ = {isa = PBXFileReference; lastKnownFileType = sourcecode.c.objc; path = AIRGoogleMap.m; sourceTree = "<group>"; };
		2F5AC0022E8FF42100EAE2BD /* AIRGoogleMapCallout.h */ = {isa = PBXFileReference; lastKnownFileType = sourcecode.c.h; path = AIRGoogleMapCallout.h; sourceTree = "<group>"; };
		2F5AC0032E8FF42100EAE2BD /* AIRGoogleMapCallout.m */ = {isa = PBXFileReference; lastKnownFileType = sourcecode.c.objc; path = AIRGoogleMapCallout.m; sourceTree = "<group>"; };
		2F5AC0042E8FF42100EAE2BD /* AIRGoogleMapCalloutManager.h */ = {isa = PBXFileReference; lastKnownFileType = sourcecode.c.h; path = AIRGoogleMapCalloutManager.h; sourceTree = "<group>"; };
		2F5AC0052E8FF42100EAE2BD /* AIRGoogleMapCalloutManager.m */ = {isa = PBXFileReference; lastKnownFileType = sourcecode.c.objc; path = AIRGoogleMapCalloutManager.m; sourceTree = "<group>"; };
		2F5AC0062E8FF42100EAE2BD /* AIRGoogleMapCalloutSubview.h */ = {isa = PBXFileReference; lastKnownFileType = sourcecode.c.h; path = AIRGoogleMapCalloutSubview.h; sourceTree = "<group>"; };
		2F5AC0072E8FF42100EAE2BD /* AIRGoogleMapCalloutSubview.m */ = {isa = PBXFileReference; lastKnownFileType = sourcecode.c.objc; path = AIRGoogleMapCalloutSubview.m; sourceTree = "<group>"; };
		2F5AC0082E8FF42100EAE2BD /* AIRGoogleMapCalloutSubviewManager.h */ = {isa = PBXFileReference; lastKnownFileType = sourcecode.c.h; path = AIRGoogleMapCalloutSubviewManager.h; sourceTree = "<group>"; };
		2F5AC0092E8FF42100EAE2BD /* AIRGoogleMapCalloutSubviewManager.m */ = {isa = PBXFileReference; lastKnownFileType = sourcecode.c.objc; path = AIRGoogleMapCalloutSubviewManager.m; sourceTree = "<group>"; };
		2F5AC00A2E8FF42100EAE2BD /* AIRGoogleMapCircle.h */ = {isa = PBXFileReference; lastKnownFileType = sourcecode.c.h; path = AIRGoogleMapCircle.h; sourceTree = "<group>"; };
		2F5AC00B2E8FF42100EAE2BD /* AIRGoogleMapCircle.m */ = {isa = PBXFileReference; lastKnownFileType = sourcecode.c.objc; path = AIRGoogleMapCircle.m; sourceTree = "<group>"; };
		2F5AC00C2E8FF42100EAE2BD /* AIRGoogleMapCircleManager.h */ = {isa = PBXFileReference; lastKnownFileType = sourcecode.c.h; path = AIRGoogleMapCircleManager.h; sourceTree = "<group>"; };
		2F5AC00D2E8FF42100EAE2BD /* AIRGoogleMapCircleManager.m */ = {isa = PBXFileReference; lastKnownFileType = sourcecode.c.objc; path = AIRGoogleMapCircleManager.m; sourceTree = "<group>"; };
		2F5AC00E2E8FF42100EAE2BD /* AIRGoogleMapHeatmap.h */ = {isa = PBXFileReference; lastKnownFileType = sourcecode.c.h; path = AIRGoogleMapHeatmap.h; sourceTree = "<group>"; };
		2F5AC00F2E8FF42100EAE2BD /* AIRGoogleMapHeatmap.m */ = {isa = PBXFileReference; lastKnownFileType = sourcecode.c.objc; path = AIRGoogleMapHeatmap.m; sourceTree = "<group>"; };
		2F5AC0102E8FF42100EAE2BD /* AIRGoogleMapHeatmapManager.h */ = {isa = PBXFileReference; lastKnownFileType = sourcecode.c.h; path = AIRGoogleMapHeatmapManager.h; sourceTree = "<group>"; };
		2F5AC0112E8FF42100EAE2BD /* AIRGoogleMapHeatmapManager.m */ = {isa = PBXFileReference; lastKnownFileType = sourcecode.c.objc; path = AIRGoogleMapHeatmapManager.m; sourceTree = "<group>"; };
		2F5AC0122E8FF42100EAE2BD /* AIRGoogleMapManager.h */ = {isa = PBXFileReference; lastKnownFileType = sourcecode.c.h; path = AIRGoogleMapManager.h; sourceTree = "<group>"; };
		2F5AC0132E8FF42100EAE2BD /* AIRGoogleMapManager.m */ = {isa = PBXFileReference; lastKnownFileType = sourcecode.c.objc; path = AIRGoogleMapManager.m; sourceTree = "<group>"; };
		2F5AC0142E8FF42100EAE2BD /* AIRGoogleMapMarker.h */ = {isa = PBXFileReference; lastKnownFileType = sourcecode.c.h; path = AIRGoogleMapMarker.h; sourceTree = "<group>"; };
		2F5AC0152E8FF42100EAE2BD /* AIRGoogleMapMarker.m */ = {isa = PBXFileReference; lastKnownFileType = sourcecode.c.objc; path = AIRGoogleMapMarker.m; sourceTree = "<group>"; };
		2F5AC0162E8FF42100EAE2BD /* AIRGoogleMapMarkerManager.h */ = {isa = PBXFileReference; lastKnownFileType = sourcecode.c.h; path = AIRGoogleMapMarkerManager.h; sourceTree = "<group>"; };
		2F5AC0172E8FF42100EAE2BD /* AIRGoogleMapMarkerManager.m */ = {isa = PBXFileReference; lastKnownFileType = sourcecode.c.objc; path = AIRGoogleMapMarkerManager.m; sourceTree = "<group>"; };
		2F5AC0182E8FF42100EAE2BD /* AIRGoogleMapOverlay.h */ = {isa = PBXFileReference; lastKnownFileType = sourcecode.c.h; path = AIRGoogleMapOverlay.h; sourceTree = "<group>"; };
		2F5AC0192E8FF42100EAE2BD /* AIRGoogleMapOverlay.m */ = {isa = PBXFileReference; lastKnownFileType = sourcecode.c.objc; path = AIRGoogleMapOverlay.m; sourceTree = "<group>"; };
		2F5AC01A2E8FF42100EAE2BD /* AIRGoogleMapOverlayManager.h */ = {isa = PBXFileReference; lastKnownFileType = sourcecode.c.h; path = AIRGoogleMapOverlayManager.h; sourceTree = "<group>"; };
		2F5AC01B2E8FF42100EAE2BD /* AIRGoogleMapOverlayManager.m */ = {isa = PBXFileReference; lastKnownFileType = sourcecode.c.objc; path = AIRGoogleMapOverlayManager.m; sourceTree = "<group>"; };
		2F5AC01C2E8FF42100EAE2BD /* AIRGoogleMapPolygon.h */ = {isa = PBXFileReference; lastKnownFileType = sourcecode.c.h; path = AIRGoogleMapPolygon.h; sourceTree = "<group>"; };
		2F5AC01D2E8FF42100EAE2BD /* AIRGoogleMapPolygon.m */ = {isa = PBXFileReference; lastKnownFileType = sourcecode.c.objc; path = AIRGoogleMapPolygon.m; sourceTree = "<group>"; };
		2F5AC01E2E8FF42100EAE2BD /* AIRGoogleMapPolygonManager.h */ = {isa = PBXFileReference; lastKnownFileType = sourcecode.c.h; path = AIRGoogleMapPolygonManager.h; sourceTree = "<group>"; };
		2F5AC01F2E8FF42100EAE2BD /* AIRGoogleMapPolygonManager.m */ = {isa = PBXFileReference; lastKnownFileType = sourcecode.c.objc; path = AIRGoogleMapPolygonManager.m; sourceTree = "<group>"; };
		2F5AC0202E8FF42100EAE2BD /* AIRGoogleMapPolyline.h */ = {isa = PBXFileReference; lastKnownFileType = sourcecode.c.h; path = AIRGoogleMapPolyline.h; sourceTree = "<group>"; };
		2F5AC0212E8FF42100EAE2BD /* AIRGoogleMapPolyline.m */ = {isa = PBXFileReference; lastKnownFileType = sourcecode.c.objc; path = AIRGoogleMapPolyline.m; sourceTree = "<group>"; };
		2F5AC0222E8FF42100EAE2BD /* AIRGoogleMapPolylineManager.h */ = {isa = PBXFileReference; lastKnownFileType = sourcecode.c.h; path = AIRGoogleMapPolylineManager.h; sourceTree = "<group>"; };
		2F5AC0232E8FF42100EAE2BD /* AIRGoogleMapPolylineManager.m */ = {isa = PBXFileReference; lastKnownFileType = sourcecode.c.objc; path = AIRGoogleMapPolylineManager.m; sourceTree = "<group>"; };
		2F5AC0242E8FF42100EAE2BD /* AIRGoogleMapUrlTile.h */ = {isa = PBXFileReference; lastKnownFileType = sourcecode.c.h; path = AIRGoogleMapUrlTile.h; sourceTree = "<group>"; };
		2F5AC0252E8FF42100EAE2BD /* AIRGoogleMapUrlTile.m */ = {isa = PBXFileReference; lastKnownFileType = sourcecode.c.objc; path = AIRGoogleMapUrlTile.m; sourceTree = "<group>"; };
		2F5AC0262E8FF42100EAE2BD /* AIRGoogleMapUrlTileManager.h */ = {isa = PBXFileReference; lastKnownFileType = sourcecode.c.h; path = AIRGoogleMapUrlTileManager.h; sourceTree = "<group>"; };
		2F5AC0272E8FF42100EAE2BD /* AIRGoogleMapURLTileManager.m */ = {isa = PBXFileReference; lastKnownFileType = sourcecode.c.objc; path = AIRGoogleMapURLTileManager.m; sourceTree = "<group>"; };
		2F5AC0282E8FF42100EAE2BD /* AIRGoogleMapWMSTile.h */ = {isa = PBXFileReference; lastKnownFileType = sourcecode.c.h; path = AIRGoogleMapWMSTile.h; sourceTree = "<group>"; };
		2F5AC0292E8FF42100EAE2BD /* AIRGoogleMapWMSTile.m */ = {isa = PBXFileReference; lastKnownFileType = sourcecode.c.objc; path = AIRGoogleMapWMSTile.m; sourceTree = "<group>"; };
		2F5AC02A2E8FF42100EAE2BD /* AIRGoogleMapWMSTileManager.h */ = {isa = PBXFileReference; lastKnownFileType = sourcecode.c.h; path = AIRGoogleMapWMSTileManager.h; sourceTree = "<group>"; };
		2F5AC02B2E8FF42100EAE2BD /* AIRGoogleMapWMSTileManager.m */ = {isa = PBXFileReference; lastKnownFileType = sourcecode.c.objc; path = AIRGoogleMapWMSTileManager.m; sourceTree = "<group>"; };
		2F5AC02C2E8FF42100EAE2BD /* RCTConvert+GMSMapViewType.h */ = {isa = PBXFileReference; lastKnownFileType = sourcecode.c.h; path = "RCTConvert+GMSMapViewType.h"; sourceTree = "<group>"; };
		2F5AC02D2E8FF42100EAE2BD /* RCTConvert+GMSMapViewType.m */ = {isa = PBXFileReference; lastKnownFileType = sourcecode.c.objc; path = "RCTConvert+GMSMapViewType.m"; sourceTree = "<group>"; };
		4221A38128CC931DE1700A25 /* Pods-frontend.debug.xcconfig */ = {isa = PBXFileReference; includeInIndex = 1; lastKnownFileType = text.xcconfig; name = "Pods-frontend.debug.xcconfig"; path = "Target Support Files/Pods-frontend/Pods-frontend.debug.xcconfig"; sourceTree = "<group>"; };
		7CE3080431C04CAE8E7D8ABC /* frontend-Bridging-Header.h */ = {isa = PBXFileReference; explicitFileType = undefined; fileEncoding = 4; includeInIndex = 0; lastKnownFileType = sourcecode.c.h; name = "frontend-Bridging-Header.h"; path = "frontend/frontend-Bridging-Header.h"; sourceTree = "<group>"; };
		9497F9E8387046EEEFB3808B /* Pods_frontend.framework */ = {isa = PBXFileReference; explicitFileType = wrapper.framework; includeInIndex = 0; path = Pods_frontend.framework; sourceTree = BUILT_PRODUCTS_DIR; };
		AA286B85B6C04FC6940260E9 /* SplashScreen.storyboard */ = {isa = PBXFileReference; fileEncoding = 4; lastKnownFileType = file.storyboard; name = SplashScreen.storyboard; path = frontend/SplashScreen.storyboard; sourceTree = "<group>"; };
		BA0B022FAFD7E2CAFBD23300 /* PrivacyInfo.xcprivacy */ = {isa = PBXFileReference; includeInIndex = 1; lastKnownFileType = text.xml; name = PrivacyInfo.xcprivacy; path = frontend/PrivacyInfo.xcprivacy; sourceTree = "<group>"; };
		BB2F792C24A3F905000567C9 /* Expo.plist */ = {isa = PBXFileReference; fileEncoding = 4; lastKnownFileType = text.plist.xml; path = Expo.plist; sourceTree = "<group>"; };
		ED297162215061F000B7C4FE /* JavaScriptCore.framework */ = {isa = PBXFileReference; lastKnownFileType = wrapper.framework; name = JavaScriptCore.framework; path = System/Library/Frameworks/JavaScriptCore.framework; sourceTree = SDKROOT; };
		FAC715A2D49A985799AEE119 /* ExpoModulesProvider.swift */ = {isa = PBXFileReference; includeInIndex = 1; lastKnownFileType = sourcecode.swift; name = ExpoModulesProvider.swift; path = "Pods/Target Support Files/Pods-frontend/ExpoModulesProvider.swift"; sourceTree = "<group>"; };
/* End PBXFileReference section */

/* Begin PBXFrameworksBuildPhase section */
		13B07F8C1A680F5B00A75B9A /* Frameworks */ = {
			isa = PBXFrameworksBuildPhase;
			buildActionMask = 2147483647;
			files = (
				2F5ABFEF2E8FF33200EAE2BD /* GoogleMaps.xcframework in Frameworks */,
				2F5ABFF12E8FF33200EAE2BD /* GoogleMapsBase.xcframework in Frameworks */,
				2F5ABFF32E8FF33200EAE2BD /* GoogleMapsCore.xcframework in Frameworks */,
				2F5ABFF52E8FF33200EAE2BD /* GoogleMapsUtils.framework in Frameworks */,
				CF4F939C7CF0086EB466DF57 /* Pods_frontend.framework in Frameworks */,
			);
			runOnlyForDeploymentPostprocessing = 0;
		};
/* End PBXFrameworksBuildPhase section */

/* Begin PBXGroup section */
		13B07FAE1A68108700A75B9A /* frontend */ = {
			isa = PBXGroup;
			children = (
				BB2F792B24A3F905000567C9 /* Supporting */,
				13B07FAF1A68108700A75B9A /* AppDelegate.h */,
				13B07FB01A68108700A75B9A /* AppDelegate.mm */,
				13B07FB51A68108700A75B9A /* Images.xcassets */,
				13B07FB61A68108700A75B9A /* Info.plist */,
				13B07FB71A68108700A75B9A /* main.m */,
				AA286B85B6C04FC6940260E9 /* SplashScreen.storyboard */,
				04FC5CD591D74464899E6AC3 /* noop-file.swift */,
				7CE3080431C04CAE8E7D8ABC /* frontend-Bridging-Header.h */,
				BA0B022FAFD7E2CAFBD23300 /* PrivacyInfo.xcprivacy */,
			);
			name = frontend;
			sourceTree = "<group>";
		};
		2D16E6871FA4F8E400B85C8A /* Frameworks */ = {
			isa = PBXGroup;
			children = (
				2F5ABFEE2E8FF33200EAE2BD /* GoogleMaps.xcframework */,
				2F5ABFF02E8FF33200EAE2BD /* GoogleMapsBase.xcframework */,
				2F5ABFF22E8FF33200EAE2BD /* GoogleMapsCore.xcframework */,
				2F5ABFF42E8FF33200EAE2BD /* GoogleMapsUtils.framework */,
				ED297162215061F000B7C4FE /* JavaScriptCore.framework */,
				9497F9E8387046EEEFB3808B /* Pods_frontend.framework */,
			);
			name = Frameworks;
			sourceTree = "<group>";
		};
		2F5ABFF72E8FF42100EAE2BD /* Resources */ = {
			isa = PBXGroup;
			children = (
				2F5ABFF62E8FF42100EAE2BD /* GoogleMapsPrivacy.bundle */,
			);
			path = Resources;
			sourceTree = "<group>";
		};
		2F5AC02E2E8FF42100EAE2BD /* AirGoogleMaps */ = {
			isa = PBXGroup;
			children = (
				2F5ABFF72E8FF42100EAE2BD /* Resources */,
				2F5ABFF82E8FF42100EAE2BD /* AIRDummyView.h */,
				2F5ABFF92E8FF42100EAE2BD /* AIRDummyView.m */,
				2F5ABFFA2E8FF42100EAE2BD /* AIRGMSMarker.h */,
				2F5ABFFB2E8FF42100EAE2BD /* AIRGMSMarker.m */,
				2F5ABFFC2E8FF42100EAE2BD /* AIRGMSPolygon.h */,
				2F5ABFFD2E8FF42100EAE2BD /* AIRGMSPolygon.m */,
				2F5ABFFE2E8FF42100EAE2BD /* AIRGMSPolyline.h */,
				2F5ABFFF2E8FF42100EAE2BD /* AIRGMSPolyline.m */,
				2F5AC0002E8FF42100EAE2BD /* AIRGoogleMap.h */,
				2F5AC0012E8FF42100EAE2BD /* AIRGoogleMap.m */,
				2F5AC0022E8FF42100EAE2BD /* AIRGoogleMapCallout.h */,
				2F5AC0032E8FF42100EAE2BD /* AIRGoogleMapCallout.m */,
				2F5AC0042E8FF42100EAE2BD /* AIRGoogleMapCalloutManager.h */,
				2F5AC0052E8FF42100EAE2BD /* AIRGoogleMapCalloutManager.m */,
				2F5AC0062E8FF42100EAE2BD /* AIRGoogleMapCalloutSubview.h */,
				2F5AC0072E8FF42100EAE2BD /* AIRGoogleMapCalloutSubview.m */,
				2F5AC0082E8FF42100EAE2BD /* AIRGoogleMapCalloutSubviewManager.h */,
				2F5AC0092E8FF42100EAE2BD /* AIRGoogleMapCalloutSubviewManager.m */,
				2F5AC00A2E8FF42100EAE2BD /* AIRGoogleMapCircle.h */,
				2F5AC00B2E8FF42100EAE2BD /* AIRGoogleMapCircle.m */,
				2F5AC00C2E8FF42100EAE2BD /* AIRGoogleMapCircleManager.h */,
				2F5AC00D2E8FF42100EAE2BD /* AIRGoogleMapCircleManager.m */,
				2F5AC00E2E8FF42100EAE2BD /* AIRGoogleMapHeatmap.h */,
				2F5AC00F2E8FF42100EAE2BD /* AIRGoogleMapHeatmap.m */,
				2F5AC0102E8FF42100EAE2BD /* AIRGoogleMapHeatmapManager.h */,
				2F5AC0112E8FF42100EAE2BD /* AIRGoogleMapHeatmapManager.m */,
				2F5AC0122E8FF42100EAE2BD /* AIRGoogleMapManager.h */,
				2F5AC0132E8FF42100EAE2BD /* AIRGoogleMapManager.m */,
				2F5AC0142E8FF42100EAE2BD /* AIRGoogleMapMarker.h */,
				2F5AC0152E8FF42100EAE2BD /* AIRGoogleMapMarker.m */,
				2F5AC0162E8FF42100EAE2BD /* AIRGoogleMapMarkerManager.h */,
				2F5AC0172E8FF42100EAE2BD /* AIRGoogleMapMarkerManager.m */,
				2F5AC0182E8FF42100EAE2BD /* AIRGoogleMapOverlay.h */,
				2F5AC0192E8FF42100EAE2BD /* AIRGoogleMapOverlay.m */,
				2F5AC01A2E8FF42100EAE2BD /* AIRGoogleMapOverlayManager.h */,
				2F5AC01B2E8FF42100EAE2BD /* AIRGoogleMapOverlayManager.m */,
				2F5AC01C2E8FF42100EAE2BD /* AIRGoogleMapPolygon.h */,
				2F5AC01D2E8FF42100EAE2BD /* AIRGoogleMapPolygon.m */,
				2F5AC01E2E8FF42100EAE2BD /* AIRGoogleMapPolygonManager.h */,
				2F5AC01F2E8FF42100EAE2BD /* AIRGoogleMapPolygonManager.m */,
				2F5AC0202E8FF42100EAE2BD /* AIRGoogleMapPolyline.h */,
				2F5AC0212E8FF42100EAE2BD /* AIRGoogleMapPolyline.m */,
				2F5AC0222E8FF42100EAE2BD /* AIRGoogleMapPolylineManager.h */,
				2F5AC0232E8FF42100EAE2BD /* AIRGoogleMapPolylineManager.m */,
				2F5AC0242E8FF42100EAE2BD /* AIRGoogleMapUrlTile.h */,
				2F5AC0252E8FF42100EAE2BD /* AIRGoogleMapUrlTile.m */,
				2F5AC0262E8FF42100EAE2BD /* AIRGoogleMapUrlTileManager.h */,
				2F5AC0272E8FF42100EAE2BD /* AIRGoogleMapURLTileManager.m */,
				2F5AC0282E8FF42100EAE2BD /* AIRGoogleMapWMSTile.h */,
				2F5AC0292E8FF42100EAE2BD /* AIRGoogleMapWMSTile.m */,
				2F5AC02A2E8FF42100EAE2BD /* AIRGoogleMapWMSTileManager.h */,
				2F5AC02B2E8FF42100EAE2BD /* AIRGoogleMapWMSTileManager.m */,
				2F5AC02C2E8FF42100EAE2BD /* RCTConvert+GMSMapViewType.h */,
				2F5AC02D2E8FF42100EAE2BD /* RCTConvert+GMSMapViewType.m */,
			);
			path = AirGoogleMaps;
			sourceTree = "<group>";
		};
		832341AE1AAA6A7D00B99B32 /* Libraries */ = {
			isa = PBXGroup;
			children = (
			);
			name = Libraries;
			sourceTree = "<group>";
		};
		83CBB9F61A601CBA00E9B192 = {
			isa = PBXGroup;
			children = (
				2F5AC02E2E8FF42100EAE2BD /* AirGoogleMaps */,
				13B07FAE1A68108700A75B9A /* frontend */,
				832341AE1AAA6A7D00B99B32 /* Libraries */,
				83CBBA001A601CBA00E9B192 /* Products */,
				2D16E6871FA4F8E400B85C8A /* Frameworks */,
				D65327D7A22EEC0BE12398D9 /* Pods */,
				D7E4C46ADA2E9064B798F356 /* ExpoModulesProviders */,
			);
			indentWidth = 2;
			sourceTree = "<group>";
			tabWidth = 2;
			usesTabs = 0;
		};
		83CBBA001A601CBA00E9B192 /* Products */ = {
			isa = PBXGroup;
			children = (
				13B07F961A680F5B00A75B9A /* frontend.app */,
			);
			name = Products;
			sourceTree = "<group>";
		};
		92DBD88DE9BF7D494EA9DA96 /* frontend */ = {
			isa = PBXGroup;
			children = (
				FAC715A2D49A985799AEE119 /* ExpoModulesProvider.swift */,
			);
			name = frontend;
			sourceTree = "<group>";
		};
		BB2F792B24A3F905000567C9 /* Supporting */ = {
			isa = PBXGroup;
			children = (
				BB2F792C24A3F905000567C9 /* Expo.plist */,
			);
			name = Supporting;
			path = frontend/Supporting;
			sourceTree = "<group>";
		};
		D65327D7A22EEC0BE12398D9 /* Pods */ = {
			isa = PBXGroup;
			children = (
				4221A38128CC931DE1700A25 /* Pods-frontend.debug.xcconfig */,
				0B40C80248253FC1AA0FBCA3 /* Pods-frontend.release.xcconfig */,
			);
			path = Pods;
			sourceTree = "<group>";
		};
		D7E4C46ADA2E9064B798F356 /* ExpoModulesProviders */ = {
			isa = PBXGroup;
			children = (
				92DBD88DE9BF7D494EA9DA96 /* frontend */,
			);
			name = ExpoModulesProviders;
			sourceTree = "<group>";
		};
/* End PBXGroup section */

/* Begin PBXNativeTarget section */
		13B07F861A680F5B00A75B9A /* frontend */ = {
			isa = PBXNativeTarget;
			buildConfigurationList = 13B07F931A680F5B00A75B9A /* Build configuration list for PBXNativeTarget "frontend" */;
			buildPhases = (
				7279A46DFDF2779D9EFB9069 /* [CP] Check Pods Manifest.lock */,
				7F5244061B24BD4F1B13C456 /* [Expo] Configure project */,
				13B07F871A680F5B00A75B9A /* Sources */,
				13B07F8C1A680F5B00A75B9A /* Frameworks */,
				13B07F8E1A680F5B00A75B9A /* Resources */,
				00DD1BFF1BD5951E006B06BC /* Bundle React Native code and images */,
				728FA7DB97BB5CD5D5F015C0 /* [CP] Embed Pods Frameworks */,
				2B788E6881A047E729243DB0 /* [CP] Copy Pods Resources */,
			);
			buildRules = (
			);
			dependencies = (
			);
			name = frontend;
			productName = frontend;
			productReference = 13B07F961A680F5B00A75B9A /* frontend.app */;
			productType = "com.apple.product-type.application";
		};
/* End PBXNativeTarget section */

/* Begin PBXProject section */
		83CBB9F71A601CBA00E9B192 /* Project object */ = {
			isa = PBXProject;
			attributes = {
				LastUpgradeCheck = 1130;
				TargetAttributes = {
					13B07F861A680F5B00A75B9A = {
						LastSwiftMigration = 1250;
					};
				};
			};
			buildConfigurationList = 83CBB9FA1A601CBA00E9B192 /* Build configuration list for PBXProject "frontend" */;
			compatibilityVersion = "Xcode 3.2";
			developmentRegion = en;
			hasScannedForEncodings = 0;
			knownRegions = (
				en,
				Base,
			);
			mainGroup = 83CBB9F61A601CBA00E9B192;
			productRefGroup = 83CBBA001A601CBA00E9B192 /* Products */;
			projectDirPath = "";
			projectRoot = "";
			targets = (
				13B07F861A680F5B00A75B9A /* frontend */,
			);
		};
/* End PBXProject section */

/* Begin PBXResourcesBuildPhase section */
		13B07F8E1A680F5B00A75B9A /* Resources */ = {
			isa = PBXResourcesBuildPhase;
			buildActionMask = 2147483647;
			files = (
				2F5AC04A2E8FF42100EAE2BD /* GoogleMapsPrivacy.bundle in Resources */,
				BB2F792D24A3F905000567C9 /* Expo.plist in Resources */,
				13B07FBF1A68108700A75B9A /* Images.xcassets in Resources */,
				3E461D99554A48A4959DE609 /* SplashScreen.storyboard in Resources */,
				795535666CABEAC9846E5613 /* PrivacyInfo.xcprivacy in Resources */,
			);
			runOnlyForDeploymentPostprocessing = 0;
		};
/* End PBXResourcesBuildPhase section */

/* Begin PBXShellScriptBuildPhase section */
		00DD1BFF1BD5951E006B06BC /* Bundle React Native code and images */ = {
			isa = PBXShellScriptBuildPhase;
			alwaysOutOfDate = 1;
			buildActionMask = 2147483647;
			files = (
			);
			inputPaths = (
			);
			name = "Bundle React Native code and images";
			outputPaths = (
			);
			runOnlyForDeploymentPostprocessing = 0;
			shellPath = /bin/sh;
			shellScript = "if [[ -f \"$PODS_ROOT/../.xcode.env\" ]]; then\n  source \"$PODS_ROOT/../.xcode.env\"\nfi\nif [[ -f \"$PODS_ROOT/../.xcode.env.local\" ]]; then\n  source \"$PODS_ROOT/../.xcode.env.local\"\nfi\n\n# The project root by default is one level up from the ios directory\nexport PROJECT_ROOT=\"$PROJECT_DIR\"/..\n\nif [[ \"$CONFIGURATION\" = *Debug* ]]; then\n  export SKIP_BUNDLING=1\nfi\nif [[ -z \"$ENTRY_FILE\" ]]; then\n  # Set the entry JS file using the bundler's entry resolution.\n  export ENTRY_FILE=\"$(\"$NODE_BINARY\" -e \"require('expo/scripts/resolveAppEntry')\" \"$PROJECT_ROOT\" ios absolute | tail -n 1)\"\nfi\n\nif [[ -z \"$CLI_PATH\" ]]; then\n  # Use Expo CLI\n  export CLI_PATH=\"$(\"$NODE_BINARY\" --print \"require.resolve('@expo/cli', { paths: [require.resolve('expo/package.json')] })\")\"\nfi\nif [[ -z \"$BUNDLE_COMMAND\" ]]; then\n  # Default Expo CLI command for bundling\n  export BUNDLE_COMMAND=\"export:embed\"\nfi\n\n# Source .xcode.env.updates if it exists to allow\n# SKIP_BUNDLING to be unset if needed\nif [[ -f \"$PODS_ROOT/../.xcode.env.updates\" ]]; then\n  source \"$PODS_ROOT/../.xcode.env.updates\"\nfi\n# Source local changes to allow overrides\n# if needed\nif [[ -f \"$PODS_ROOT/../.xcode.env.local\" ]]; then\n  source \"$PODS_ROOT/../.xcode.env.local\"\nfi\n\n`\"$NODE_BINARY\" --print \"require('path').dirname(require.resolve('react-native/package.json')) + '/scripts/react-native-xcode.sh'\"`\n\n";
		};
		2B788E6881A047E729243DB0 /* [CP] Copy Pods Resources */ = {
			isa = PBXShellScriptBuildPhase;
			buildActionMask = 2147483647;
			files = (
			);
			inputPaths = (
				"${PODS_ROOT}/Target Support Files/Pods-frontend/Pods-frontend-resources.sh",
				"${PODS_CONFIGURATION_BUILD_DIR}/EXApplication/ExpoApplication_privacy.bundle",
				"${PODS_CONFIGURATION_BUILD_DIR}/EXConstants/EXConstants.bundle",
				"${PODS_CONFIGURATION_BUILD_DIR}/EXConstants/ExpoConstants_privacy.bundle",
				"${PODS_CONFIGURATION_BUILD_DIR}/EXNotifications/ExpoNotifications_privacy.bundle",
				"${PODS_CONFIGURATION_BUILD_DIR}/EXTaskManager/ExpoTaskManager_privacy.bundle",
				"${PODS_CONFIGURATION_BUILD_DIR}/ExpoFileSystem/ExpoFileSystem_privacy.bundle",
				"${PODS_ROOT}/GoogleMaps/Maps/Frameworks/GoogleMaps.xcframework/ios-arm64/GoogleMaps.framework/Resources/GoogleMaps.bundle",
				"${PODS_ROOT}/GoogleMaps/Maps/Frameworks/GoogleMaps.xcframework/ios-arm64_x86_64-simulator/GoogleMaps.framework/Resources/GoogleMaps.bundle",
				"${PODS_CONFIGURATION_BUILD_DIR}/RCT-Folly/RCT-Folly_privacy.bundle",
				"${PODS_CONFIGURATION_BUILD_DIR}/RNCAsyncStorage/RNCAsyncStorage_resources.bundle",
				"${PODS_CONFIGURATION_BUILD_DIR}/React-Core/React-Core_privacy.bundle",
				"${PODS_CONFIGURATION_BUILD_DIR}/React-cxxreact/React-cxxreact_privacy.bundle",
				"${PODS_CONFIGURATION_BUILD_DIR}/boost/boost_privacy.bundle",
				"${PODS_CONFIGURATION_BUILD_DIR}/expo-dev-launcher/EXDevLauncher.bundle",
				"${PODS_CONFIGURATION_BUILD_DIR}/expo-dev-menu/EXDevMenu.bundle",
				"${PODS_CONFIGURATION_BUILD_DIR}/glog/glog_privacy.bundle",
				"${PODS_CONFIGURATION_BUILD_DIR}/lottie-ios/LottiePrivacyInfo.bundle",
				"${PODS_CONFIGURATION_BUILD_DIR}/lottie-react-native/Lottie_React_Native_Privacy.bundle",
				"${PODS_CONFIGURATION_BUILD_DIR}/react-native-google-maps/GoogleMapsPrivacy.bundle",
				"${PODS_CONFIGURATION_BUILD_DIR}/react-native-maps/ReactNativeMapsPrivacy.bundle",
				"${PODS_ROOT}/../../node_modules/@react-native-vector-icons/fontawesome/fonts/FontAwesome.ttf",
			);
			name = "[CP] Copy Pods Resources";
			outputPaths = (
				"${TARGET_BUILD_DIR}/${UNLOCALIZED_RESOURCES_FOLDER_PATH}/ExpoApplication_privacy.bundle",
				"${TARGET_BUILD_DIR}/${UNLOCALIZED_RESOURCES_FOLDER_PATH}/EXConstants.bundle",
				"${TARGET_BUILD_DIR}/${UNLOCALIZED_RESOURCES_FOLDER_PATH}/ExpoConstants_privacy.bundle",
				"${TARGET_BUILD_DIR}/${UNLOCALIZED_RESOURCES_FOLDER_PATH}/ExpoNotifications_privacy.bundle",
				"${TARGET_BUILD_DIR}/${UNLOCALIZED_RESOURCES_FOLDER_PATH}/ExpoTaskManager_privacy.bundle",
				"${TARGET_BUILD_DIR}/${UNLOCALIZED_RESOURCES_FOLDER_PATH}/ExpoFileSystem_privacy.bundle",
				"${TARGET_BUILD_DIR}/${UNLOCALIZED_RESOURCES_FOLDER_PATH}/GoogleMaps.bundle",
				"${TARGET_BUILD_DIR}/${UNLOCALIZED_RESOURCES_FOLDER_PATH}/RCT-Folly_privacy.bundle",
				"${TARGET_BUILD_DIR}/${UNLOCALIZED_RESOURCES_FOLDER_PATH}/RNCAsyncStorage_resources.bundle",
				"${TARGET_BUILD_DIR}/${UNLOCALIZED_RESOURCES_FOLDER_PATH}/React-Core_privacy.bundle",
				"${TARGET_BUILD_DIR}/${UNLOCALIZED_RESOURCES_FOLDER_PATH}/React-cxxreact_privacy.bundle",
				"${TARGET_BUILD_DIR}/${UNLOCALIZED_RESOURCES_FOLDER_PATH}/boost_privacy.bundle",
				"${TARGET_BUILD_DIR}/${UNLOCALIZED_RESOURCES_FOLDER_PATH}/EXDevLauncher.bundle",
				"${TARGET_BUILD_DIR}/${UNLOCALIZED_RESOURCES_FOLDER_PATH}/EXDevMenu.bundle",
				"${TARGET_BUILD_DIR}/${UNLOCALIZED_RESOURCES_FOLDER_PATH}/glog_privacy.bundle",
				"${TARGET_BUILD_DIR}/${UNLOCALIZED_RESOURCES_FOLDER_PATH}/LottiePrivacyInfo.bundle",
				"${TARGET_BUILD_DIR}/${UNLOCALIZED_RESOURCES_FOLDER_PATH}/Lottie_React_Native_Privacy.bundle",
				"${TARGET_BUILD_DIR}/${UNLOCALIZED_RESOURCES_FOLDER_PATH}/GoogleMapsPrivacy.bundle",
				"${TARGET_BUILD_DIR}/${UNLOCALIZED_RESOURCES_FOLDER_PATH}/ReactNativeMapsPrivacy.bundle",
				"${TARGET_BUILD_DIR}/${UNLOCALIZED_RESOURCES_FOLDER_PATH}/FontAwesome.ttf",
			);
			runOnlyForDeploymentPostprocessing = 0;
			shellPath = /bin/sh;
			shellScript = "\"${PODS_ROOT}/Target Support Files/Pods-frontend/Pods-frontend-resources.sh\"\n";
			showEnvVarsInLog = 0;
		};
		7279A46DFDF2779D9EFB9069 /* [CP] Check Pods Manifest.lock */ = {
			isa = PBXShellScriptBuildPhase;
			buildActionMask = 2147483647;
			files = (
			);
			inputFileListPaths = (
			);
			inputPaths = (
				"${PODS_PODFILE_DIR_PATH}/Podfile.lock",
				"${PODS_ROOT}/Manifest.lock",
			);
			name = "[CP] Check Pods Manifest.lock";
			outputFileListPaths = (
			);
			outputPaths = (
				"$(DERIVED_FILE_DIR)/Pods-frontend-checkManifestLockResult.txt",
			);
			runOnlyForDeploymentPostprocessing = 0;
			shellPath = /bin/sh;
			shellScript = "diff \"${PODS_PODFILE_DIR_PATH}/Podfile.lock\" \"${PODS_ROOT}/Manifest.lock\" > /dev/null\nif [ $? != 0 ] ; then\n    # print error to STDERR\n    echo \"error: The sandbox is not in sync with the Podfile.lock. Run 'pod install' or update your CocoaPods installation.\" >&2\n    exit 1\nfi\n# This output is used by Xcode 'outputs' to avoid re-running this script phase.\necho \"SUCCESS\" > \"${SCRIPT_OUTPUT_FILE_0}\"\n";
			showEnvVarsInLog = 0;
		};
		728FA7DB97BB5CD5D5F015C0 /* [CP] Embed Pods Frameworks */ = {
			isa = PBXShellScriptBuildPhase;
			buildActionMask = 2147483647;
			files = (
			);
			inputPaths = (
				"${PODS_ROOT}/Target Support Files/Pods-frontend/Pods-frontend-frameworks.sh",
				"${PODS_XCFRAMEWORKS_BUILD_DIR}/hermes-engine/Pre-built/hermes.framework/hermes",
			);
			name = "[CP] Embed Pods Frameworks";
			outputPaths = (
				"${TARGET_BUILD_DIR}/${FRAMEWORKS_FOLDER_PATH}/hermes.framework",
			);
			runOnlyForDeploymentPostprocessing = 0;
			shellPath = /bin/sh;
			shellScript = "\"${PODS_ROOT}/Target Support Files/Pods-frontend/Pods-frontend-frameworks.sh\"\n";
			showEnvVarsInLog = 0;
		};
		7F5244061B24BD4F1B13C456 /* [Expo] Configure project */ = {
			isa = PBXShellScriptBuildPhase;
			alwaysOutOfDate = 1;
			buildActionMask = 2147483647;
			files = (
			);
			inputFileListPaths = (
			);
			inputPaths = (
			);
			name = "[Expo] Configure project";
			outputFileListPaths = (
			);
			outputPaths = (
			);
			runOnlyForDeploymentPostprocessing = 0;
			shellPath = /bin/sh;
			shellScript = "# This script configures Expo modules and generates the modules provider file.\nbash -l -c \"./Pods/Target\\ Support\\ Files/Pods-frontend/expo-configure-project.sh\"\n";
		};
/* End PBXShellScriptBuildPhase section */

/* Begin PBXSourcesBuildPhase section */
		13B07F871A680F5B00A75B9A /* Sources */ = {
			isa = PBXSourcesBuildPhase;
			buildActionMask = 2147483647;
			files = (
				13B07FBC1A68108700A75B9A /* AppDelegate.mm in Sources */,
				13B07FC11A68108700A75B9A /* main.m in Sources */,
				B18059E884C0ABDD17F3DC3D /* ExpoModulesProvider.swift in Sources */,
				2F5AC02F2E8FF42100EAE2BD /* RCTConvert+GMSMapViewType.m in Sources */,
				2F5AC0302E8FF42100EAE2BD /* AIRGoogleMapOverlayManager.m in Sources */,
				2F5AC0312E8FF42100EAE2BD /* AIRGoogleMapPolygonManager.m in Sources */,
				2F5AC0322E8FF42100EAE2BD /* AIRGoogleMapCircle.m in Sources */,
				2F5AC0332E8FF42100EAE2BD /* AIRGoogleMapWMSTile.m in Sources */,
				2F5AC0342E8FF42100EAE2BD /* AIRGoogleMapMarker.m in Sources */,
				2F5AC0352E8FF42100EAE2BD /* AIRGoogleMapHeatmap.m in Sources */,
				2F5AC0362E8FF42100EAE2BD /* AIRGoogleMapManager.m in Sources */,
				2F5AC0372E8FF42100EAE2BD /* AIRGoogleMapOverlay.m in Sources */,
				2F5AC0382E8FF42100EAE2BD /* AIRGoogleMapPolygon.m in Sources */,
				2F5AC0392E8FF42100EAE2BD /* AIRGoogleMapURLTileManager.m in Sources */,
				2F5AC03A2E8FF42100EAE2BD /* AIRGoogleMapUrlTile.m in Sources */,
				2F5AC03B2E8FF42100EAE2BD /* AIRGoogleMapCalloutSubview.m in Sources */,
				2F5AC03C2E8FF42100EAE2BD /* AIRGoogleMapCalloutSubviewManager.m in Sources */,
				2F5AC03D2E8FF42100EAE2BD /* AIRGoogleMapMarkerManager.m in Sources */,
				2F5AC03E2E8FF42100EAE2BD /* AIRGoogleMapCircleManager.m in Sources */,
				2F5AC03F2E8FF42100EAE2BD /* AIRGoogleMapWMSTileManager.m in Sources */,
				2F5AC0402E8FF42100EAE2BD /* AIRGMSMarker.m in Sources */,
				2F5AC0412E8FF42100EAE2BD /* AIRGoogleMapPolylineManager.m in Sources */,
				2F5AC0422E8FF42100EAE2BD /* AIRGoogleMap.m in Sources */,
				2F5AC0432E8FF42100EAE2BD /* AIRGoogleMapCalloutManager.m in Sources */,
				2F5AC0442E8FF42100EAE2BD /* AIRGoogleMapHeatmapManager.m in Sources */,
				2F5AC0452E8FF42100EAE2BD /* AIRGMSPolygon.m in Sources */,
				2F5AC0462E8FF42100EAE2BD /* AIRGMSPolyline.m in Sources */,
				2F5AC0472E8FF42100EAE2BD /* AIRGoogleMapCallout.m in Sources */,
				2F5AC0482E8FF42100EAE2BD /* AIRGoogleMapPolyline.m in Sources */,
				2F5AC0492E8FF42100EAE2BD /* AIRDummyView.m in Sources */,
				B9B0A27F90A445869F81683A /* noop-file.swift in Sources */,
			);
			runOnlyForDeploymentPostprocessing = 0;
		};
/* End PBXSourcesBuildPhase section */

/* Begin XCBuildConfiguration section */
		13B07F941A680F5B00A75B9A /* Debug */ = {
			isa = XCBuildConfiguration;
			baseConfigurationReference = 4221A38128CC931DE1700A25 /* Pods-frontend.debug.xcconfig */;
			buildSettings = {
				ASSETCATALOG_COMPILER_APPICON_NAME = AppIcon;
				CLANG_ENABLE_MODULES = YES;
				CODE_SIGN_ENTITLEMENTS = frontend/frontend.entitlements;
				CURRENT_PROJECT_VERSION = 1;
				ENABLE_BITCODE = NO;
				GCC_PREPROCESSOR_DEFINITIONS = (
					"$(inherited)",
					"FB_SONARKIT_ENABLED=1",
				);
				INFOPLIST_FILE = frontend/Info.plist;
				IPHONEOS_DEPLOYMENT_TARGET = 15.1;
				LD_RUNPATH_SEARCH_PATHS = (
					"$(inherited)",
					"@executable_path/Frameworks",
				);
				MARKETING_VERSION = 1.0;
				OTHER_LDFLAGS = (
					"$(inherited)",
					"-ObjC",
					"-lc++",
				);
				OTHER_SWIFT_FLAGS = "$(inherited) -D EXPO_CONFIGURATION_DEBUG";
				PRODUCT_BUNDLE_IDENTIFIER = alertnet.co.za;
				PRODUCT_NAME = frontend;
				SWIFT_OBJC_BRIDGING_HEADER = "frontend/frontend-Bridging-Header.h";
				SWIFT_OPTIMIZATION_LEVEL = "-Onone";
				SWIFT_VERSION = 5.0;
				TARGETED_DEVICE_FAMILY = "1,2";
				VERSIONING_SYSTEM = "apple-generic";
			};
			name = Debug;
		};
		13B07F951A680F5B00A75B9A /* Release */ = {
			isa = XCBuildConfiguration;
			baseConfigurationReference = 0B40C80248253FC1AA0FBCA3 /* Pods-frontend.release.xcconfig */;
			buildSettings = {
				ASSETCATALOG_COMPILER_APPICON_NAME = AppIcon;
				CLANG_ENABLE_MODULES = YES;
				CODE_SIGN_ENTITLEMENTS = frontend/frontend.entitlements;
				CURRENT_PROJECT_VERSION = 1;
				INFOPLIST_FILE = frontend/Info.plist;
				IPHONEOS_DEPLOYMENT_TARGET = 15.1;
				LD_RUNPATH_SEARCH_PATHS = (
					"$(inherited)",
					"@executable_path/Frameworks",
				);
				MARKETING_VERSION = 1.0;
				OTHER_LDFLAGS = (
					"$(inherited)",
					"-ObjC",
					"-lc++",
				);
				OTHER_SWIFT_FLAGS = "$(inherited) -D EXPO_CONFIGURATION_RELEASE";
				PRODUCT_BUNDLE_IDENTIFIER = alertnet.co.za;
				PRODUCT_NAME = frontend;
				SWIFT_OBJC_BRIDGING_HEADER = "frontend/frontend-Bridging-Header.h";
				SWIFT_VERSION = 5.0;
				TARGETED_DEVICE_FAMILY = "1,2";
				VERSIONING_SYSTEM = "apple-generic";
			};
			name = Release;
		};
		83CBBA201A601CBA00E9B192 /* Debug */ = {
			isa = XCBuildConfiguration;
			buildSettings = {
				ALWAYS_SEARCH_USER_PATHS = NO;
				CLANG_ANALYZER_LOCALIZABILITY_NONLOCALIZED = YES;
				CLANG_CXX_LANGUAGE_STANDARD = "c++20";
				CLANG_CXX_LIBRARY = "libc++";
				CLANG_ENABLE_MODULES = YES;
				CLANG_ENABLE_OBJC_ARC = YES;
				CLANG_WARN_BLOCK_CAPTURE_AUTORELEASING = YES;
				CLANG_WARN_BOOL_CONVERSION = YES;
				CLANG_WARN_COMMA = YES;
				CLANG_WARN_CONSTANT_CONVERSION = YES;
				CLANG_WARN_DEPRECATED_OBJC_IMPLEMENTATIONS = YES;
				CLANG_WARN_DIRECT_OBJC_ISA_USAGE = YES_ERROR;
				CLANG_WARN_EMPTY_BODY = YES;
				CLANG_WARN_ENUM_CONVERSION = YES;
				CLANG_WARN_INFINITE_RECURSION = YES;
				CLANG_WARN_INT_CONVERSION = YES;
				CLANG_WARN_NON_LITERAL_NULL_CONVERSION = YES;
				CLANG_WARN_OBJC_IMPLICIT_RETAIN_SELF = YES;
				CLANG_WARN_OBJC_LITERAL_CONVERSION = YES;
				CLANG_WARN_OBJC_ROOT_CLASS = YES_ERROR;
				CLANG_WARN_RANGE_LOOP_ANALYSIS = YES;
				CLANG_WARN_STRICT_PROTOTYPES = YES;
				CLANG_WARN_SUSPICIOUS_MOVE = YES;
				CLANG_WARN_UNREACHABLE_CODE = YES;
				CLANG_WARN__DUPLICATE_METHOD_MATCH = YES;
				"CODE_SIGN_IDENTITY[sdk=iphoneos*]" = "iPhone Developer";
				COPY_PHASE_STRIP = NO;
				ENABLE_STRICT_OBJC_MSGSEND = YES;
				ENABLE_TESTABILITY = YES;
				GCC_C_LANGUAGE_STANDARD = gnu99;
				GCC_DYNAMIC_NO_PIC = NO;
				GCC_NO_COMMON_BLOCKS = YES;
				GCC_OPTIMIZATION_LEVEL = 0;
				GCC_PREPROCESSOR_DEFINITIONS = (
					"DEBUG=1",
					"$(inherited)",
				);
				GCC_SYMBOLS_PRIVATE_EXTERN = NO;
				GCC_WARN_64_TO_32_BIT_CONVERSION = YES;
				GCC_WARN_ABOUT_RETURN_TYPE = YES_ERROR;
				GCC_WARN_UNDECLARED_SELECTOR = YES;
				GCC_WARN_UNINITIALIZED_AUTOS = YES_AGGRESSIVE;
				GCC_WARN_UNUSED_FUNCTION = YES;
				GCC_WARN_UNUSED_VARIABLE = YES;
				HEADER_SEARCH_PATHS = (
					"$(inherited)",
					"${PODS_CONFIGURATION_BUILD_DIR}/ReactCommon/ReactCommon.framework/Headers",
					"${PODS_CONFIGURATION_BUILD_DIR}/ReactCommon/ReactCommon.framework/Headers/react/nativemodule/core",
					"${PODS_CONFIGURATION_BUILD_DIR}/ReactCommon-Samples/ReactCommon_Samples.framework/Headers",
					"${PODS_CONFIGURATION_BUILD_DIR}/ReactCommon-Samples/ReactCommon_Samples.framework/Headers/platform/ios",
					"${PODS_CONFIGURATION_BUILD_DIR}/React-Fabric/React_Fabric.framework/Headers/react/renderer/components/view/platform/cxx",
					"${PODS_CONFIGURATION_BUILD_DIR}/React-NativeModulesApple/React_NativeModulesApple.framework/Headers",
					"${PODS_CONFIGURATION_BUILD_DIR}/React-graphics/React_graphics.framework/Headers",
					"${PODS_CONFIGURATION_BUILD_DIR}/React-graphics/React_graphics.framework/Headers/react/renderer/graphics/platform/ios",
				);
				IPHONEOS_DEPLOYMENT_TARGET = 15.1;
				LD_RUNPATH_SEARCH_PATHS = (
					/usr/lib/swift,
					"$(inherited)",
				);
				LIBRARY_SEARCH_PATHS = "$(SDKROOT)/usr/lib/swift\"$(inherited)\"";
				MTL_ENABLE_DEBUG_INFO = YES;
				ONLY_ACTIVE_ARCH = YES;
				OTHER_LDFLAGS = (
					"$(inherited)",
					" ",
				);
				REACT_NATIVE_PATH = "${PODS_ROOT}/../../node_modules/react-native";
				SDKROOT = iphoneos;
				SWIFT_ACTIVE_COMPILATION_CONDITIONS = "$(inherited) DEBUG";
				USE_HERMES = true;
			};
			name = Debug;
		};
		83CBBA211A601CBA00E9B192 /* Release */ = {
			isa = XCBuildConfiguration;
			buildSettings = {
				ALWAYS_SEARCH_USER_PATHS = NO;
				CLANG_ANALYZER_LOCALIZABILITY_NONLOCALIZED = YES;
				CLANG_CXX_LANGUAGE_STANDARD = "c++20";
				CLANG_CXX_LIBRARY = "libc++";
				CLANG_ENABLE_MODULES = YES;
				CLANG_ENABLE_OBJC_ARC = YES;
				CLANG_WARN_BLOCK_CAPTURE_AUTORELEASING = YES;
				CLANG_WARN_BOOL_CONVERSION = YES;
				CLANG_WARN_COMMA = YES;
				CLANG_WARN_CONSTANT_CONVERSION = YES;
				CLANG_WARN_DEPRECATED_OBJC_IMPLEMENTATIONS = YES;
				CLANG_WARN_DIRECT_OBJC_ISA_USAGE = YES_ERROR;
				CLANG_WARN_EMPTY_BODY = YES;
				CLANG_WARN_ENUM_CONVERSION = YES;
				CLANG_WARN_INFINITE_RECURSION = YES;
				CLANG_WARN_INT_CONVERSION = YES;
				CLANG_WARN_NON_LITERAL_NULL_CONVERSION = YES;
				CLANG_WARN_OBJC_IMPLICIT_RETAIN_SELF = YES;
				CLANG_WARN_OBJC_LITERAL_CONVERSION = YES;
				CLANG_WARN_OBJC_ROOT_CLASS = YES_ERROR;
				CLANG_WARN_RANGE_LOOP_ANALYSIS = YES;
				CLANG_WARN_STRICT_PROTOTYPES = YES;
				CLANG_WARN_SUSPICIOUS_MOVE = YES;
				CLANG_WARN_UNREACHABLE_CODE = YES;
				CLANG_WARN__DUPLICATE_METHOD_MATCH = YES;
				"CODE_SIGN_IDENTITY[sdk=iphoneos*]" = "iPhone Developer";
				COPY_PHASE_STRIP = YES;
				ENABLE_NS_ASSERTIONS = NO;
				ENABLE_STRICT_OBJC_MSGSEND = YES;
				GCC_C_LANGUAGE_STANDARD = gnu99;
				GCC_NO_COMMON_BLOCKS = YES;
				GCC_WARN_64_TO_32_BIT_CONVERSION = YES;
				GCC_WARN_ABOUT_RETURN_TYPE = YES_ERROR;
				GCC_WARN_UNDECLARED_SELECTOR = YES;
				GCC_WARN_UNINITIALIZED_AUTOS = YES_AGGRESSIVE;
				GCC_WARN_UNUSED_FUNCTION = YES;
				GCC_WARN_UNUSED_VARIABLE = YES;
				HEADER_SEARCH_PATHS = (
					"$(inherited)",
					"${PODS_CONFIGURATION_BUILD_DIR}/ReactCommon/ReactCommon.framework/Headers",
					"${PODS_CONFIGURATION_BUILD_DIR}/ReactCommon/ReactCommon.framework/Headers/react/nativemodule/core",
					"${PODS_CONFIGURATION_BUILD_DIR}/ReactCommon-Samples/ReactCommon_Samples.framework/Headers",
					"${PODS_CONFIGURATION_BUILD_DIR}/ReactCommon-Samples/ReactCommon_Samples.framework/Headers/platform/ios",
					"${PODS_CONFIGURATION_BUILD_DIR}/React-Fabric/React_Fabric.framework/Headers/react/renderer/components/view/platform/cxx",
					"${PODS_CONFIGURATION_BUILD_DIR}/React-NativeModulesApple/React_NativeModulesApple.framework/Headers",
					"${PODS_CONFIGURATION_BUILD_DIR}/React-graphics/React_graphics.framework/Headers",
					"${PODS_CONFIGURATION_BUILD_DIR}/React-graphics/React_graphics.framework/Headers/react/renderer/graphics/platform/ios",
				);
				IPHONEOS_DEPLOYMENT_TARGET = 15.1;
				LD_RUNPATH_SEARCH_PATHS = (
					/usr/lib/swift,
					"$(inherited)",
				);
				LIBRARY_SEARCH_PATHS = "$(SDKROOT)/usr/lib/swift\"$(inherited)\"";
				MTL_ENABLE_DEBUG_INFO = NO;
				OTHER_LDFLAGS = (
					"$(inherited)",
					" ",
				);
				REACT_NATIVE_PATH = "${PODS_ROOT}/../../node_modules/react-native";
				SDKROOT = iphoneos;
				USE_HERMES = true;
				VALIDATE_PRODUCT = YES;
			};
			name = Release;
		};
/* End XCBuildConfiguration section */

/* Begin XCConfigurationList section */
		13B07F931A680F5B00A75B9A /* Build configuration list for PBXNativeTarget "frontend" */ = {
			isa = XCConfigurationList;
			buildConfigurations = (
				13B07F941A680F5B00A75B9A /* Debug */,
				13B07F951A680F5B00A75B9A /* Release */,
			);
			defaultConfigurationIsVisible = 0;
			defaultConfigurationName = Release;
		};
		83CBB9FA1A601CBA00E9B192 /* Build configuration list for PBXProject "frontend" */ = {
			isa = XCConfigurationList;
			buildConfigurations = (
				83CBBA201A601CBA00E9B192 /* Debug */,
				83CBBA211A601CBA00E9B192 /* Release */,
			);
			defaultConfigurationIsVisible = 0;
			defaultConfigurationName = Release;
		};
/* End XCConfigurationList section */
	};
	rootObject = 83CBB9F71A601CBA00E9B192 /* Project object */;
}
